
Microsoft Visual Studio Solution File, Format Version 12.00
# Visual Studio Version 17
VisualStudioVersion = 17.7.34018.315
MinimumVisualStudioVersion = 10.0.40219.1
Project("{2150E333-8FDC-42A3-9474-1A3956D46DE8}") = "Elementos de la solución", "Elementos de la solución", "{01A643F3-2BCE-462E-83F6-FF7388063A18}"
	ProjectSection(SolutionItems) = preProject
		.gitignore = .gitignore
	EndProjectSection
EndProject
Project("{9A19103F-16F7-4668-BE54-9A1E7A4F7556}") = "DelegatesAndEvents", "DelegatesAndEvents\DelegatesAndEvents.csproj", "{DBFD529B-1B32-4BAF-B826-6A4B8ED9839E}"
EndProject
Project("{9A19103F-16F7-4668-BE54-9A1E7A4F7556}") = "Attributes", "Attributes\Attributes.csproj", "{3E35DD18-E308-4620-A40E-795ADB9C8880}"
EndProject
Project("{9A19103F-16F7-4668-BE54-9A1E7A4F7556}") = "ExampleAttribute", "ExampleAttribute\ExampleAttribute.csproj", "{E66321DE-5B51-4666-8C85-D3F96504188D}"
EndProject
Project("{9A19103F-16F7-4668-BE54-9A1E7A4F7556}") = "AnotherAttributeExample", "AnotherAttributeExample\AnotherAttributeExample.csproj", "{387404B3-792F-410D-B4C4-3CEF71840782}"
EndProject
Project("{9A19103F-16F7-4668-BE54-9A1E7A4F7556}") = "Demo-OOP", "Demo-OOP\Demo-OOP.csproj", "{ECA93B7B-FA64-4D22-9203-DC1022B3BEDA}"
EndProject
Project("{9A19103F-16F7-4668-BE54-9A1E7A4F7556}") = "SOLID", "SOLID\SOLID.csproj", "{1F6FCA39-59D2-40AF-AD04-BC0906F20F46}"
EndProject
Project("{2150E333-8FDC-42A3-9474-1A3956D46DE8}") = "AttributesCSharp", "AttributesCSharp", "{2B36DCF0-4C13-47C7-9CAA-92F43B9CC312}"
EndProject
Project("{2150E333-8FDC-42A3-9474-1A3956D46DE8}") = "Solid-DependencyInversion", "Solid-DependencyInversion", "{536E6FE8-96F8-49CF-AB35-52AD3CAD3B57}"
EndProject
Project("{2150E333-8FDC-42A3-9474-1A3956D46DE8}") = "Original", "Original", "{335CA962-8135-4329-B046-4E6BDAF021BB}"
EndProject
Project("{9A19103F-16F7-4668-BE54-9A1E7A4F7556}") = "DependencyInversion", "DependencyInversion\Original\Api\DependencyInversion.csproj", "{0F1B34D8-887D-420A-800C-A6C31205970E}"
EndProject
Project("{9A19103F-16F7-4668-BE54-9A1E7A4F7556}") = "Api.Tests", "DependencyInversion\Original\Api.Tests\Api.Tests.csproj", "{DDD1E304-A809-4C9C-8304-57AED5BBD487}"
EndProject
Project("{9A19103F-16F7-4668-BE54-9A1E7A4F7556}") = "DependencyInversion", "DependencyInversion\Api\DependencyInversion.csproj", "{FDEA7F45-77AE-486D-93F0-700F36375A37}"
EndProject
Project("{9A19103F-16F7-4668-BE54-9A1E7A4F7556}") = "Api.Tests", "DependencyInversion\Api.Tests\Api.Tests.csproj", "{73D2BA78-F878-4361-AD9D-768EA4AE8890}"
EndProject
Project("{2150E333-8FDC-42A3-9474-1A3956D46DE8}") = "Design Patterns", "Design Patterns", "{E2EDAD53-24EA-4829-8D12-D2E0B5A8ED85}"
EndProject
Project("{9A19103F-16F7-4668-BE54-9A1E7A4F7556}") = "IntroductionDesignPatterns", "IntroductionDesignPatterns\IntroductionDesignPatterns.csproj", "{5CE903C8-001F-4C08-9F93-D09BB0C5B6D6}"
EndProject
Project("{9A19103F-16F7-4668-BE54-9A1E7A4F7556}") = "DesignPatterns", "DesignPatterns\DesignPatterns.csproj", "{FFEDE66A-965F-475B-B2AB-E7430E0E0D8F}"
EndProject
Project("{9A19103F-16F7-4668-BE54-9A1E7A4F7556}") = "DesignPatternASP", "DesignPatternASP\DesignPatternASP.csproj", "{DEE77422-187C-4F1A-876B-7903CD762726}"
EndProject
Project("{9A19103F-16F7-4668-BE54-9A1E7A4F7556}") = "Tools", "Tools\Tools.csproj", "{C051E73B-654E-4DAC-A25F-AD602D06D491}"
EndProject
Project("{9A19103F-16F7-4668-BE54-9A1E7A4F7556}") = "Delegates", "Delegates\Delegates.csproj", "{EAC3F1E0-E810-4F79-8909-72195AB9CB5D}"
EndProject
Project("{9A19103F-16F7-4668-BE54-9A1E7A4F7556}") = "Lambda", "Lambda\Lambda.csproj", "{68D62BAF-C398-4B28-9080-0FA23C67B8AD}"
EndProject
Project("{9A19103F-16F7-4668-BE54-9A1E7A4F7556}") = "Events", "Events\Events.csproj", "{8372963D-7626-4DC9-84D4-5296957D5D1C}"
EndProject
Project("{9A19103F-16F7-4668-BE54-9A1E7A4F7556}") = "ExtensionMethods", "ExtensionMethods\ExtensionMethods.csproj", "{CB2C67F3-8F69-4BDD-9312-BB97FCD787F1}"
EndProject
Project("{9A19103F-16F7-4668-BE54-9A1E7A4F7556}") = "LinQ", "LinQ\LinQ.csproj", "{93B81A42-EE9D-46B4-8614-AB8C13A66D05}"
EndProject
Project("{9A19103F-16F7-4668-BE54-9A1E7A4F7556}") = "DependencyInjection", "DependencyInjection\DependencyInjection.csproj", "{19E9AD28-FED7-4A19-9626-7E73BC32FD71}"
EndProject
Project("{9A19103F-16F7-4668-BE54-9A1E7A4F7556}") = "NullableTypes", "NullableTypes\NullableTypes.csproj", "{F48F9428-604A-40A5-B342-F0EFFE8FE38F}"
EndProject
Project("{9A19103F-16F7-4668-BE54-9A1E7A4F7556}") = "DesignPatterns.Models", "DesignPatterns.Models\DesignPatterns.Models.csproj", "{F5E89C3B-92F2-4BBB-8656-A08AF1DA3AB6}"
EndProject
Project("{9A19103F-16F7-4668-BE54-9A1E7A4F7556}") = "DesignPatterns.Repository", "DesignPatterns.Repository\DesignPatterns.Repository.csproj", "{E9584226-B264-4C66-B61D-D5D46EAC08C1}"
EndProject
Project("{2150E333-8FDC-42A3-9474-1A3956D46DE8}") = "DelegatesDemo", "DelegatesDemo", "{619774DE-B813-4698-B1DA-A1282F51EBE9}"
EndProject
Project("{FAE04EC0-301F-11D3-BF4B-00C04F79EFBC}") = "ConsoleUI", "DelegatesDemo\ConsoleUI\ConsoleUI.csproj", "{E99F86D7-A6F2-46A4-870C-1DDC12F32864}"
EndProject
Project("{FAE04EC0-301F-11D3-BF4B-00C04F79EFBC}") = "DemoLibrary", "DelegatesDemo\DemoLibrary\DemoLibrary.csproj", "{F9EDC9C4-32E4-4534-81F9-B183831E13B7}"
EndProject
Project("{FAE04EC0-301F-11D3-BF4B-00C04F79EFBC}") = "WinFormUI", "DelegatesDemo\WinFormUI\WinFormUI.csproj", "{4CA4F857-EE02-48B8-B04D-2FEB0E4B93AE}"
EndProject
Project("{9A19103F-16F7-4668-BE54-9A1E7A4F7556}") = "CSharpDelegates", "CSharpDelegates\CSharpDelegates.csproj", "{358E57A2-846F-417C-B46B-64A7B978584A}"
EndProject
Project("{2150E333-8FDC-42A3-9474-1A3956D46DE8}") = "Delegates-CSharp", "Delegates-CSharp", "{C5DA4029-CA3D-4D6D-AC45-AA883C72C7F7}"
EndProject
Project("{2150E333-8FDC-42A3-9474-1A3956D46DE8}") = "S.O.L.I.D.", "S.O.L.I.D.", "{1ACC3B95-2660-4239-B0EB-8102AB5A7EDF}"
EndProject
Project("{9A19103F-16F7-4668-BE54-9A1E7A4F7556}") = "OpenClosedPrinciple", "OpenClosedPrinciple\OpenClosedPrinciple.csproj", "{81A6AA8A-5DC5-4272-9825-82B02A2925EF}"
EndProject
Project("{9A19103F-16F7-4668-BE54-9A1E7A4F7556}") = "SingleResponsabilityPrinciple", "SingleResponsabilityPrinciple\SingleResponsabilityPrinciple.csproj", "{36502D73-95E5-4254-B5F9-69C30CF281F8}"
EndProject
Project("{9A19103F-16F7-4668-BE54-9A1E7A4F7556}") = "Dynamic", "Dynamic\Dynamic.csproj", "{B53DEC6F-2873-43CB-938A-1BF0587C6F62}"
EndProject
Project("{9A19103F-16F7-4668-BE54-9A1E7A4F7556}") = "ExceptionHandling", "ExceptionHandling\ExceptionHandling.csproj", "{D3A3C32D-04F5-483B-B6CB-4635EEEFF0C0}"
EndProject
Project("{9A19103F-16F7-4668-BE54-9A1E7A4F7556}") = "Asynchronus Programming", "Asynchronus Programming\Asynchronus Programming.csproj", "{4CBCA6BA-6A5C-45AC-A53F-1D7DE17BF975}"
EndProject
Project("{9A19103F-16F7-4668-BE54-9A1E7A4F7556}") = "Liskov-Principle", "Liskov-Principle\Liskov-Principle.csproj", "{6B63D3AC-FD78-4BD9-A35F-FE54DE9EB374}"
EndProject
Project("{9A19103F-16F7-4668-BE54-9A1E7A4F7556}") = "Dictionaries", "Dictionaries\Dictionaries.csproj", "{A940EC0F-54F5-4D95-AFFA-AE841A0CDA42}"
EndProject
Project("{2150E333-8FDC-42A3-9474-1A3956D46DE8}") = "Algorithms", "Algorithms", "{C041681A-DBB4-4209-92C0-C6CBD3DF058B}"
EndProject
Project("{9A19103F-16F7-4668-BE54-9A1E7A4F7556}") = "Algorithms", "Algorithms\Algorithms.csproj", "{983DF940-889A-4363-9477-3FFE0D593152}"
EndProject
Project("{2150E333-8FDC-42A3-9474-1A3956D46DE8}") = "Advanced Linq", "Advanced Linq", "{ACD1C9C7-1EC0-4382-A851-75DDBC925D67}"
EndProject
Project("{9A19103F-16F7-4668-BE54-9A1E7A4F7556}") = "TCPData", "TCPData\TCPData.csproj", "{40AD0B36-481F-43B3-A098-41404A67D923}"
EndProject
Project("{9A19103F-16F7-4668-BE54-9A1E7A4F7556}") = "TCPExtensions", "TCPExtensions\TCPExtensions.csproj", "{CFFD2A73-CF2A-420B-90E4-8F1EBB9EA94C}"
EndProject
Project("{9A19103F-16F7-4668-BE54-9A1E7A4F7556}") = "ThePretendCompany", "ThePretendCompany\ThePretendCompany.csproj", "{D86051F3-292D-4EBA-B919-B8FF80D9620C}"
EndProject
Project("{9A19103F-16F7-4668-BE54-9A1E7A4F7556}") = "Linq-advanced-udemy", "Linq-advanced-udemy\Linq-advanced-udemy.csproj", "{5769F176-0A78-4C64-A5B5-91D08364540A}"
EndProject
Project("{FAE04EC0-301F-11D3-BF4B-00C04F79EFBC}") = "Recursion", "Recursion\Recursion.csproj", "{FAB3B3C3-9B80-40F7-A02F-5C566CED6CD1}"
EndProject
Global
	GlobalSection(SolutionConfigurationPlatforms) = preSolution
		Debug|Any CPU = Debug|Any CPU
		Release|Any CPU = Release|Any CPU
	EndGlobalSection
	GlobalSection(ProjectConfigurationPlatforms) = postSolution
		{DBFD529B-1B32-4BAF-B826-6A4B8ED9839E}.Debug|Any CPU.ActiveCfg = Debug|Any CPU
		{DBFD529B-1B32-4BAF-B826-6A4B8ED9839E}.Debug|Any CPU.Build.0 = Debug|Any CPU
		{DBFD529B-1B32-4BAF-B826-6A4B8ED9839E}.Release|Any CPU.ActiveCfg = Release|Any CPU
		{DBFD529B-1B32-4BAF-B826-6A4B8ED9839E}.Release|Any CPU.Build.0 = Release|Any CPU
		{3E35DD18-E308-4620-A40E-795ADB9C8880}.Debug|Any CPU.ActiveCfg = Debug|Any CPU
		{3E35DD18-E308-4620-A40E-795ADB9C8880}.Debug|Any CPU.Build.0 = Debug|Any CPU
		{3E35DD18-E308-4620-A40E-795ADB9C8880}.Release|Any CPU.ActiveCfg = Release|Any CPU
		{3E35DD18-E308-4620-A40E-795ADB9C8880}.Release|Any CPU.Build.0 = Release|Any CPU
		{E66321DE-5B51-4666-8C85-D3F96504188D}.Debug|Any CPU.ActiveCfg = Debug|Any CPU
		{E66321DE-5B51-4666-8C85-D3F96504188D}.Debug|Any CPU.Build.0 = Debug|Any CPU
		{E66321DE-5B51-4666-8C85-D3F96504188D}.Release|Any CPU.ActiveCfg = Release|Any CPU
		{E66321DE-5B51-4666-8C85-D3F96504188D}.Release|Any CPU.Build.0 = Release|Any CPU
		{387404B3-792F-410D-B4C4-3CEF71840782}.Debug|Any CPU.ActiveCfg = Debug|Any CPU
		{387404B3-792F-410D-B4C4-3CEF71840782}.Debug|Any CPU.Build.0 = Debug|Any CPU
		{387404B3-792F-410D-B4C4-3CEF71840782}.Release|Any CPU.ActiveCfg = Release|Any CPU
		{387404B3-792F-410D-B4C4-3CEF71840782}.Release|Any CPU.Build.0 = Release|Any CPU
		{ECA93B7B-FA64-4D22-9203-DC1022B3BEDA}.Debug|Any CPU.ActiveCfg = Debug|Any CPU
		{ECA93B7B-FA64-4D22-9203-DC1022B3BEDA}.Debug|Any CPU.Build.0 = Debug|Any CPU
		{ECA93B7B-FA64-4D22-9203-DC1022B3BEDA}.Release|Any CPU.ActiveCfg = Release|Any CPU
		{ECA93B7B-FA64-4D22-9203-DC1022B3BEDA}.Release|Any CPU.Build.0 = Release|Any CPU
		{1F6FCA39-59D2-40AF-AD04-BC0906F20F46}.Debug|Any CPU.ActiveCfg = Debug|Any CPU
		{1F6FCA39-59D2-40AF-AD04-BC0906F20F46}.Debug|Any CPU.Build.0 = Debug|Any CPU
		{1F6FCA39-59D2-40AF-AD04-BC0906F20F46}.Release|Any CPU.ActiveCfg = Release|Any CPU
		{1F6FCA39-59D2-40AF-AD04-BC0906F20F46}.Release|Any CPU.Build.0 = Release|Any CPU
		{0F1B34D8-887D-420A-800C-A6C31205970E}.Debug|Any CPU.ActiveCfg = Debug|Any CPU
		{0F1B34D8-887D-420A-800C-A6C31205970E}.Debug|Any CPU.Build.0 = Debug|Any CPU
		{0F1B34D8-887D-420A-800C-A6C31205970E}.Release|Any CPU.ActiveCfg = Release|Any CPU
		{0F1B34D8-887D-420A-800C-A6C31205970E}.Release|Any CPU.Build.0 = Release|Any CPU
		{DDD1E304-A809-4C9C-8304-57AED5BBD487}.Debug|Any CPU.ActiveCfg = Debug|Any CPU
		{DDD1E304-A809-4C9C-8304-57AED5BBD487}.Debug|Any CPU.Build.0 = Debug|Any CPU
		{DDD1E304-A809-4C9C-8304-57AED5BBD487}.Release|Any CPU.ActiveCfg = Release|Any CPU
		{DDD1E304-A809-4C9C-8304-57AED5BBD487}.Release|Any CPU.Build.0 = Release|Any CPU
		{FDEA7F45-77AE-486D-93F0-700F36375A37}.Debug|Any CPU.ActiveCfg = Debug|Any CPU
		{FDEA7F45-77AE-486D-93F0-700F36375A37}.Debug|Any CPU.Build.0 = Debug|Any CPU
		{FDEA7F45-77AE-486D-93F0-700F36375A37}.Release|Any CPU.ActiveCfg = Release|Any CPU
		{FDEA7F45-77AE-486D-93F0-700F36375A37}.Release|Any CPU.Build.0 = Release|Any CPU
		{73D2BA78-F878-4361-AD9D-768EA4AE8890}.Debug|Any CPU.ActiveCfg = Debug|Any CPU
		{73D2BA78-F878-4361-AD9D-768EA4AE8890}.Debug|Any CPU.Build.0 = Debug|Any CPU
		{73D2BA78-F878-4361-AD9D-768EA4AE8890}.Release|Any CPU.ActiveCfg = Release|Any CPU
		{73D2BA78-F878-4361-AD9D-768EA4AE8890}.Release|Any CPU.Build.0 = Release|Any CPU
		{5CE903C8-001F-4C08-9F93-D09BB0C5B6D6}.Debug|Any CPU.ActiveCfg = Debug|Any CPU
		{5CE903C8-001F-4C08-9F93-D09BB0C5B6D6}.Debug|Any CPU.Build.0 = Debug|Any CPU
		{5CE903C8-001F-4C08-9F93-D09BB0C5B6D6}.Release|Any CPU.ActiveCfg = Release|Any CPU
		{5CE903C8-001F-4C08-9F93-D09BB0C5B6D6}.Release|Any CPU.Build.0 = Release|Any CPU
		{FFEDE66A-965F-475B-B2AB-E7430E0E0D8F}.Debug|Any CPU.ActiveCfg = Debug|Any CPU
		{FFEDE66A-965F-475B-B2AB-E7430E0E0D8F}.Debug|Any CPU.Build.0 = Debug|Any CPU
		{FFEDE66A-965F-475B-B2AB-E7430E0E0D8F}.Release|Any CPU.ActiveCfg = Release|Any CPU
		{FFEDE66A-965F-475B-B2AB-E7430E0E0D8F}.Release|Any CPU.Build.0 = Release|Any CPU
		{DEE77422-187C-4F1A-876B-7903CD762726}.Debug|Any CPU.ActiveCfg = Debug|Any CPU
		{DEE77422-187C-4F1A-876B-7903CD762726}.Debug|Any CPU.Build.0 = Debug|Any CPU
		{DEE77422-187C-4F1A-876B-7903CD762726}.Release|Any CPU.ActiveCfg = Release|Any CPU
		{DEE77422-187C-4F1A-876B-7903CD762726}.Release|Any CPU.Build.0 = Release|Any CPU
		{C051E73B-654E-4DAC-A25F-AD602D06D491}.Debug|Any CPU.ActiveCfg = Debug|Any CPU
		{C051E73B-654E-4DAC-A25F-AD602D06D491}.Debug|Any CPU.Build.0 = Debug|Any CPU
		{C051E73B-654E-4DAC-A25F-AD602D06D491}.Release|Any CPU.ActiveCfg = Release|Any CPU
		{C051E73B-654E-4DAC-A25F-AD602D06D491}.Release|Any CPU.Build.0 = Release|Any CPU
		{EAC3F1E0-E810-4F79-8909-72195AB9CB5D}.Debug|Any CPU.ActiveCfg = Debug|Any CPU
		{EAC3F1E0-E810-4F79-8909-72195AB9CB5D}.Debug|Any CPU.Build.0 = Debug|Any CPU
		{EAC3F1E0-E810-4F79-8909-72195AB9CB5D}.Release|Any CPU.ActiveCfg = Release|Any CPU
		{EAC3F1E0-E810-4F79-8909-72195AB9CB5D}.Release|Any CPU.Build.0 = Release|Any CPU
		{68D62BAF-C398-4B28-9080-0FA23C67B8AD}.Debug|Any CPU.ActiveCfg = Debug|Any CPU
		{68D62BAF-C398-4B28-9080-0FA23C67B8AD}.Debug|Any CPU.Build.0 = Debug|Any CPU
		{68D62BAF-C398-4B28-9080-0FA23C67B8AD}.Release|Any CPU.ActiveCfg = Release|Any CPU
		{68D62BAF-C398-4B28-9080-0FA23C67B8AD}.Release|Any CPU.Build.0 = Release|Any CPU
		{8372963D-7626-4DC9-84D4-5296957D5D1C}.Debug|Any CPU.ActiveCfg = Debug|Any CPU
		{8372963D-7626-4DC9-84D4-5296957D5D1C}.Debug|Any CPU.Build.0 = Debug|Any CPU
		{8372963D-7626-4DC9-84D4-5296957D5D1C}.Release|Any CPU.ActiveCfg = Release|Any CPU
		{8372963D-7626-4DC9-84D4-5296957D5D1C}.Release|Any CPU.Build.0 = Release|Any CPU
		{CB2C67F3-8F69-4BDD-9312-BB97FCD787F1}.Debug|Any CPU.ActiveCfg = Debug|Any CPU
		{CB2C67F3-8F69-4BDD-9312-BB97FCD787F1}.Debug|Any CPU.Build.0 = Debug|Any CPU
		{CB2C67F3-8F69-4BDD-9312-BB97FCD787F1}.Release|Any CPU.ActiveCfg = Release|Any CPU
		{CB2C67F3-8F69-4BDD-9312-BB97FCD787F1}.Release|Any CPU.Build.0 = Release|Any CPU
		{93B81A42-EE9D-46B4-8614-AB8C13A66D05}.Debug|Any CPU.ActiveCfg = Debug|Any CPU
		{93B81A42-EE9D-46B4-8614-AB8C13A66D05}.Debug|Any CPU.Build.0 = Debug|Any CPU
		{93B81A42-EE9D-46B4-8614-AB8C13A66D05}.Release|Any CPU.ActiveCfg = Release|Any CPU
		{93B81A42-EE9D-46B4-8614-AB8C13A66D05}.Release|Any CPU.Build.0 = Release|Any CPU
		{19E9AD28-FED7-4A19-9626-7E73BC32FD71}.Debug|Any CPU.ActiveCfg = Debug|Any CPU
		{19E9AD28-FED7-4A19-9626-7E73BC32FD71}.Debug|Any CPU.Build.0 = Debug|Any CPU
		{19E9AD28-FED7-4A19-9626-7E73BC32FD71}.Release|Any CPU.ActiveCfg = Release|Any CPU
		{19E9AD28-FED7-4A19-9626-7E73BC32FD71}.Release|Any CPU.Build.0 = Release|Any CPU
		{F48F9428-604A-40A5-B342-F0EFFE8FE38F}.Debug|Any CPU.ActiveCfg = Debug|Any CPU
		{F48F9428-604A-40A5-B342-F0EFFE8FE38F}.Debug|Any CPU.Build.0 = Debug|Any CPU
		{F48F9428-604A-40A5-B342-F0EFFE8FE38F}.Release|Any CPU.ActiveCfg = Release|Any CPU
		{F48F9428-604A-40A5-B342-F0EFFE8FE38F}.Release|Any CPU.Build.0 = Release|Any CPU
		{F5E89C3B-92F2-4BBB-8656-A08AF1DA3AB6}.Debug|Any CPU.ActiveCfg = Debug|Any CPU
		{F5E89C3B-92F2-4BBB-8656-A08AF1DA3AB6}.Debug|Any CPU.Build.0 = Debug|Any CPU
		{F5E89C3B-92F2-4BBB-8656-A08AF1DA3AB6}.Release|Any CPU.ActiveCfg = Release|Any CPU
		{F5E89C3B-92F2-4BBB-8656-A08AF1DA3AB6}.Release|Any CPU.Build.0 = Release|Any CPU
		{E9584226-B264-4C66-B61D-D5D46EAC08C1}.Debug|Any CPU.ActiveCfg = Debug|Any CPU
		{E9584226-B264-4C66-B61D-D5D46EAC08C1}.Debug|Any CPU.Build.0 = Debug|Any CPU
		{E9584226-B264-4C66-B61D-D5D46EAC08C1}.Release|Any CPU.ActiveCfg = Release|Any CPU
		{E9584226-B264-4C66-B61D-D5D46EAC08C1}.Release|Any CPU.Build.0 = Release|Any CPU
		{E99F86D7-A6F2-46A4-870C-1DDC12F32864}.Debug|Any CPU.ActiveCfg = Debug|Any CPU
		{E99F86D7-A6F2-46A4-870C-1DDC12F32864}.Debug|Any CPU.Build.0 = Debug|Any CPU
		{E99F86D7-A6F2-46A4-870C-1DDC12F32864}.Release|Any CPU.ActiveCfg = Release|Any CPU
		{E99F86D7-A6F2-46A4-870C-1DDC12F32864}.Release|Any CPU.Build.0 = Release|Any CPU
		{F9EDC9C4-32E4-4534-81F9-B183831E13B7}.Debug|Any CPU.ActiveCfg = Debug|Any CPU
		{F9EDC9C4-32E4-4534-81F9-B183831E13B7}.Debug|Any CPU.Build.0 = Debug|Any CPU
		{F9EDC9C4-32E4-4534-81F9-B183831E13B7}.Release|Any CPU.ActiveCfg = Release|Any CPU
		{F9EDC9C4-32E4-4534-81F9-B183831E13B7}.Release|Any CPU.Build.0 = Release|Any CPU
		{4CA4F857-EE02-48B8-B04D-2FEB0E4B93AE}.Debug|Any CPU.ActiveCfg = Debug|Any CPU
		{4CA4F857-EE02-48B8-B04D-2FEB0E4B93AE}.Debug|Any CPU.Build.0 = Debug|Any CPU
		{4CA4F857-EE02-48B8-B04D-2FEB0E4B93AE}.Release|Any CPU.ActiveCfg = Release|Any CPU
		{4CA4F857-EE02-48B8-B04D-2FEB0E4B93AE}.Release|Any CPU.Build.0 = Release|Any CPU
		{358E57A2-846F-417C-B46B-64A7B978584A}.Debug|Any CPU.ActiveCfg = Debug|Any CPU
		{358E57A2-846F-417C-B46B-64A7B978584A}.Debug|Any CPU.Build.0 = Debug|Any CPU
		{358E57A2-846F-417C-B46B-64A7B978584A}.Release|Any CPU.ActiveCfg = Release|Any CPU
		{358E57A2-846F-417C-B46B-64A7B978584A}.Release|Any CPU.Build.0 = Release|Any CPU
		{81A6AA8A-5DC5-4272-9825-82B02A2925EF}.Debug|Any CPU.ActiveCfg = Debug|Any CPU
		{81A6AA8A-5DC5-4272-9825-82B02A2925EF}.Debug|Any CPU.Build.0 = Debug|Any CPU
		{81A6AA8A-5DC5-4272-9825-82B02A2925EF}.Release|Any CPU.ActiveCfg = Release|Any CPU
		{81A6AA8A-5DC5-4272-9825-82B02A2925EF}.Release|Any CPU.Build.0 = Release|Any CPU
		{36502D73-95E5-4254-B5F9-69C30CF281F8}.Debug|Any CPU.ActiveCfg = Debug|Any CPU
		{36502D73-95E5-4254-B5F9-69C30CF281F8}.Debug|Any CPU.Build.0 = Debug|Any CPU
		{36502D73-95E5-4254-B5F9-69C30CF281F8}.Release|Any CPU.ActiveCfg = Release|Any CPU
		{36502D73-95E5-4254-B5F9-69C30CF281F8}.Release|Any CPU.Build.0 = Release|Any CPU
		{B53DEC6F-2873-43CB-938A-1BF0587C6F62}.Debug|Any CPU.ActiveCfg = Debug|Any CPU
		{B53DEC6F-2873-43CB-938A-1BF0587C6F62}.Debug|Any CPU.Build.0 = Debug|Any CPU
		{B53DEC6F-2873-43CB-938A-1BF0587C6F62}.Release|Any CPU.ActiveCfg = Release|Any CPU
		{B53DEC6F-2873-43CB-938A-1BF0587C6F62}.Release|Any CPU.Build.0 = Release|Any CPU
		{D3A3C32D-04F5-483B-B6CB-4635EEEFF0C0}.Debug|Any CPU.ActiveCfg = Debug|Any CPU
		{D3A3C32D-04F5-483B-B6CB-4635EEEFF0C0}.Debug|Any CPU.Build.0 = Debug|Any CPU
		{D3A3C32D-04F5-483B-B6CB-4635EEEFF0C0}.Release|Any CPU.ActiveCfg = Release|Any CPU
		{D3A3C32D-04F5-483B-B6CB-4635EEEFF0C0}.Release|Any CPU.Build.0 = Release|Any CPU
		{4CBCA6BA-6A5C-45AC-A53F-1D7DE17BF975}.Debug|Any CPU.ActiveCfg = Debug|Any CPU
		{4CBCA6BA-6A5C-45AC-A53F-1D7DE17BF975}.Debug|Any CPU.Build.0 = Debug|Any CPU
		{4CBCA6BA-6A5C-45AC-A53F-1D7DE17BF975}.Release|Any CPU.ActiveCfg = Release|Any CPU
		{4CBCA6BA-6A5C-45AC-A53F-1D7DE17BF975}.Release|Any CPU.Build.0 = Release|Any CPU
		{6B63D3AC-FD78-4BD9-A35F-FE54DE9EB374}.Debug|Any CPU.ActiveCfg = Debug|Any CPU
		{6B63D3AC-FD78-4BD9-A35F-FE54DE9EB374}.Debug|Any CPU.Build.0 = Debug|Any CPU
		{6B63D3AC-FD78-4BD9-A35F-FE54DE9EB374}.Release|Any CPU.ActiveCfg = Release|Any CPU
		{6B63D3AC-FD78-4BD9-A35F-FE54DE9EB374}.Release|Any CPU.Build.0 = Release|Any CPU
		{A940EC0F-54F5-4D95-AFFA-AE841A0CDA42}.Debug|Any CPU.ActiveCfg = Debug|Any CPU
		{A940EC0F-54F5-4D95-AFFA-AE841A0CDA42}.Debug|Any CPU.Build.0 = Debug|Any CPU
		{A940EC0F-54F5-4D95-AFFA-AE841A0CDA42}.Release|Any CPU.ActiveCfg = Release|Any CPU
		{A940EC0F-54F5-4D95-AFFA-AE841A0CDA42}.Release|Any CPU.Build.0 = Release|Any CPU
		{983DF940-889A-4363-9477-3FFE0D593152}.Debug|Any CPU.ActiveCfg = Debug|Any CPU
		{983DF940-889A-4363-9477-3FFE0D593152}.Debug|Any CPU.Build.0 = Debug|Any CPU
		{983DF940-889A-4363-9477-3FFE0D593152}.Release|Any CPU.ActiveCfg = Release|Any CPU
		{983DF940-889A-4363-9477-3FFE0D593152}.Release|Any CPU.Build.0 = Release|Any CPU
		{40AD0B36-481F-43B3-A098-41404A67D923}.Debug|Any CPU.ActiveCfg = Debug|Any CPU
		{40AD0B36-481F-43B3-A098-41404A67D923}.Debug|Any CPU.Build.0 = Debug|Any CPU
		{40AD0B36-481F-43B3-A098-41404A67D923}.Release|Any CPU.ActiveCfg = Release|Any CPU
		{40AD0B36-481F-43B3-A098-41404A67D923}.Release|Any CPU.Build.0 = Release|Any CPU
		{CFFD2A73-CF2A-420B-90E4-8F1EBB9EA94C}.Debug|Any CPU.ActiveCfg = Debug|Any CPU
		{CFFD2A73-CF2A-420B-90E4-8F1EBB9EA94C}.Debug|Any CPU.Build.0 = Debug|Any CPU
		{CFFD2A73-CF2A-420B-90E4-8F1EBB9EA94C}.Release|Any CPU.ActiveCfg = Release|Any CPU
		{CFFD2A73-CF2A-420B-90E4-8F1EBB9EA94C}.Release|Any CPU.Build.0 = Release|Any CPU
		{D86051F3-292D-4EBA-B919-B8FF80D9620C}.Debug|Any CPU.ActiveCfg = Debug|Any CPU
		{D86051F3-292D-4EBA-B919-B8FF80D9620C}.Debug|Any CPU.Build.0 = Debug|Any CPU
		{D86051F3-292D-4EBA-B919-B8FF80D9620C}.Release|Any CPU.ActiveCfg = Release|Any CPU
		{D86051F3-292D-4EBA-B919-B8FF80D9620C}.Release|Any CPU.Build.0 = Release|Any CPU
		{5769F176-0A78-4C64-A5B5-91D08364540A}.Debug|Any CPU.ActiveCfg = Debug|Any CPU
		{5769F176-0A78-4C64-A5B5-91D08364540A}.Debug|Any CPU.Build.0 = Debug|Any CPU
		{5769F176-0A78-4C64-A5B5-91D08364540A}.Release|Any CPU.ActiveCfg = Release|Any CPU
		{5769F176-0A78-4C64-A5B5-91D08364540A}.Release|Any CPU.Build.0 = Release|Any CPU
		{FAB3B3C3-9B80-40F7-A02F-5C566CED6CD1}.Debug|Any CPU.ActiveCfg = Debug|Any CPU
		{FAB3B3C3-9B80-40F7-A02F-5C566CED6CD1}.Debug|Any CPU.Build.0 = Debug|Any CPU
		{FAB3B3C3-9B80-40F7-A02F-5C566CED6CD1}.Release|Any CPU.ActiveCfg = Release|Any CPU
		{FAB3B3C3-9B80-40F7-A02F-5C566CED6CD1}.Release|Any CPU.Build.0 = Release|Any CPU
	EndGlobalSection
	GlobalSection(SolutionProperties) = preSolution
		HideSolutionNode = FALSE
	EndGlobalSection
	GlobalSection(NestedProjects) = preSolution
		{DBFD529B-1B32-4BAF-B826-6A4B8ED9839E} = {C5DA4029-CA3D-4D6D-AC45-AA883C72C7F7}
		{3E35DD18-E308-4620-A40E-795ADB9C8880} = {2B36DCF0-4C13-47C7-9CAA-92F43B9CC312}
		{E66321DE-5B51-4666-8C85-D3F96504188D} = {2B36DCF0-4C13-47C7-9CAA-92F43B9CC312}
		{387404B3-792F-410D-B4C4-3CEF71840782} = {2B36DCF0-4C13-47C7-9CAA-92F43B9CC312}
		{2B36DCF0-4C13-47C7-9CAA-92F43B9CC312} = {E2EDAD53-24EA-4829-8D12-D2E0B5A8ED85}
		{335CA962-8135-4329-B046-4E6BDAF021BB} = {536E6FE8-96F8-49CF-AB35-52AD3CAD3B57}
		{0F1B34D8-887D-420A-800C-A6C31205970E} = {335CA962-8135-4329-B046-4E6BDAF021BB}
		{DDD1E304-A809-4C9C-8304-57AED5BBD487} = {335CA962-8135-4329-B046-4E6BDAF021BB}
		{FDEA7F45-77AE-486D-93F0-700F36375A37} = {536E6FE8-96F8-49CF-AB35-52AD3CAD3B57}
		{73D2BA78-F878-4361-AD9D-768EA4AE8890} = {536E6FE8-96F8-49CF-AB35-52AD3CAD3B57}
		{5CE903C8-001F-4C08-9F93-D09BB0C5B6D6} = {E2EDAD53-24EA-4829-8D12-D2E0B5A8ED85}
		{FFEDE66A-965F-475B-B2AB-E7430E0E0D8F} = {E2EDAD53-24EA-4829-8D12-D2E0B5A8ED85}
		{DEE77422-187C-4F1A-876B-7903CD762726} = {E2EDAD53-24EA-4829-8D12-D2E0B5A8ED85}
		{C051E73B-654E-4DAC-A25F-AD602D06D491} = {E2EDAD53-24EA-4829-8D12-D2E0B5A8ED85}
		{19E9AD28-FED7-4A19-9626-7E73BC32FD71} = {E2EDAD53-24EA-4829-8D12-D2E0B5A8ED85}
		{F5E89C3B-92F2-4BBB-8656-A08AF1DA3AB6} = {E2EDAD53-24EA-4829-8D12-D2E0B5A8ED85}
		{E9584226-B264-4C66-B61D-D5D46EAC08C1} = {E2EDAD53-24EA-4829-8D12-D2E0B5A8ED85}
		{619774DE-B813-4698-B1DA-A1282F51EBE9} = {C5DA4029-CA3D-4D6D-AC45-AA883C72C7F7}
		{E99F86D7-A6F2-46A4-870C-1DDC12F32864} = {619774DE-B813-4698-B1DA-A1282F51EBE9}
		{F9EDC9C4-32E4-4534-81F9-B183831E13B7} = {619774DE-B813-4698-B1DA-A1282F51EBE9}
		{4CA4F857-EE02-48B8-B04D-2FEB0E4B93AE} = {619774DE-B813-4698-B1DA-A1282F51EBE9}
		{358E57A2-846F-417C-B46B-64A7B978584A} = {C5DA4029-CA3D-4D6D-AC45-AA883C72C7F7}
		{81A6AA8A-5DC5-4272-9825-82B02A2925EF} = {1ACC3B95-2660-4239-B0EB-8102AB5A7EDF}
		{36502D73-95E5-4254-B5F9-69C30CF281F8} = {1ACC3B95-2660-4239-B0EB-8102AB5A7EDF}
		{6B63D3AC-FD78-4BD9-A35F-FE54DE9EB374} = {1ACC3B95-2660-4239-B0EB-8102AB5A7EDF}
		{983DF940-889A-4363-9477-3FFE0D593152} = {C041681A-DBB4-4209-92C0-C6CBD3DF058B}
		{40AD0B36-481F-43B3-A098-41404A67D923} = {ACD1C9C7-1EC0-4382-A851-75DDBC925D67}
		{CFFD2A73-CF2A-420B-90E4-8F1EBB9EA94C} = {ACD1C9C7-1EC0-4382-A851-75DDBC925D67}
		{D86051F3-292D-4EBA-B919-B8FF80D9620C} = {ACD1C9C7-1EC0-4382-A851-75DDBC925D67}
	EndGlobalSection
	GlobalSection(ExtensibilityGlobals) = postSolution
		SolutionGuid = {7534E728-7C53-4372-B5E1-ED83509A2DD1}
	EndGlobalSection
EndGlobal
