
Microsoft Visual Studio Solution File, Format Version 12.00
# Visual Studio Version 17
VisualStudioVersion = 17.7.34018.315
MinimumVisualStudioVersion = 10.0.40219.1
Project("{2150E333-8FDC-42A3-9474-1A3956D46DE8}") = "Elementos de la solución", "Elementos de la solución", "{01A643F3-2BCE-462E-83F6-FF7388063A18}"
	ProjectSection(SolutionItems) = preProject
		.gitignore = .gitignore
	EndProjectSection
EndProject
Project("{9A19103F-16F7-4668-BE54-9A1E7A4F7556}") = "DelegatesAndEvents", "DelegatesAndEvents\DelegatesAndEvents.csproj", "{DBFD529B-1B32-4BAF-B826-6A4B8ED9839E}"
EndProject
Project("{9A19103F-16F7-4668-BE54-9A1E7A4F7556}") = "Attributes", "Attributes\Attributes.csproj", "{3E35DD18-E308-4620-A40E-795ADB9C8880}"
EndProject
Project("{FAE04EC0-301F-11D3-BF4B-00C04F79EFBC}") = "ExampleAttribute", "ExampleAttribute\ExampleAttribute.csproj", "{E66321DE-5B51-4666-8C85-D3F96504188D}"
EndProject
Project("{FAE04EC0-301F-11D3-BF4B-00C04F79EFBC}") = "AnotherAttributeExample", "AnotherAttributeExample\AnotherAttributeExample.csproj", "{387404B3-792F-410D-B4C4-3CEF71840782}"
EndProject
Global
	GlobalSection(SolutionConfigurationPlatforms) = preSolution
		Debug|Any CPU = Debug|Any CPU
		Release|Any CPU = Release|Any CPU
	EndGlobalSection
	GlobalSection(ProjectConfigurationPlatforms) = postSolution
		{DBFD529B-1B32-4BAF-B826-6A4B8ED9839E}.Debug|Any CPU.ActiveCfg = Debug|Any CPU
		{DBFD529B-1B32-4BAF-B826-6A4B8ED9839E}.Debug|Any CPU.Build.0 = Debug|Any CPU
		{DBFD529B-1B32-4BAF-B826-6A4B8ED9839E}.Release|Any CPU.ActiveCfg = Release|Any CPU
		{DBFD529B-1B32-4BAF-B826-6A4B8ED9839E}.Release|Any CPU.Build.0 = Release|Any CPU
		{3E35DD18-E308-4620-A40E-795ADB9C8880}.Debug|Any CPU.ActiveCfg = Debug|Any CPU
		{3E35DD18-E308-4620-A40E-795ADB9C8880}.Debug|Any CPU.Build.0 = Debug|Any CPU
		{3E35DD18-E308-4620-A40E-795ADB9C8880}.Release|Any CPU.ActiveCfg = Release|Any CPU
		{3E35DD18-E308-4620-A40E-795ADB9C8880}.Release|Any CPU.Build.0 = Release|Any CPU
		{E66321DE-5B51-4666-8C85-D3F96504188D}.Debug|Any CPU.ActiveCfg = Debug|Any CPU
		{E66321DE-5B51-4666-8C85-D3F96504188D}.Debug|Any CPU.Build.0 = Debug|Any CPU
		{E66321DE-5B51-4666-8C85-D3F96504188D}.Release|Any CPU.ActiveCfg = Release|Any CPU
		{E66321DE-5B51-4666-8C85-D3F96504188D}.Release|Any CPU.Build.0 = Release|Any CPU
		{387404B3-792F-410D-B4C4-3CEF71840782}.Debug|Any CPU.ActiveCfg = Debug|Any CPU
		{387404B3-792F-410D-B4C4-3CEF71840782}.Debug|Any CPU.Build.0 = Debug|Any CPU
		{387404B3-792F-410D-B4C4-3CEF71840782}.Release|Any CPU.ActiveCfg = Release|Any CPU
		{387404B3-792F-410D-B4C4-3CEF71840782}.Release|Any CPU.Build.0 = Release|Any CPU
	EndGlobalSection
	GlobalSection(SolutionProperties) = preSolution
		HideSolutionNode = FALSE
	EndGlobalSection
	GlobalSection(NestedProjects) = preSolution
		{E66321DE-5B51-4666-8C85-D3F96504188D} = {01A643F3-2BCE-462E-83F6-FF7388063A18}
	EndGlobalSection
	GlobalSection(ExtensibilityGlobals) = postSolution
		SolutionGuid = {7534E728-7C53-4372-B5E1-ED83509A2DD1}
	EndGlobalSection
EndGlobal
